<?xml version="1.0" encoding="utf-8"?>
<Project ToolsVersion="4.0" xmlns="http://schemas.microsoft.com/developer/msbuild/2003">
  <ItemGroup>
    <Filter Include="Source Files">
      <UniqueIdentifier>{4FC737F1-C7A5-4376-A066-2A32D752A2FF}</UniqueIdentifier>
      <Extensions>cpp;c;cc;cxx;def;odl;idl;hpj;bat;asm;asmx</Extensions>
    </Filter>
    <Filter Include="Header Files">
      <UniqueIdentifier>{93995380-89BD-4b04-88EB-625FBE52EBFB}</UniqueIdentifier>
      <Extensions>h;hh;hpp;hxx;hm;inl;inc;xsd</Extensions>
    </Filter>
    <Filter Include="Resource Files">
      <UniqueIdentifier>{67DA6AB6-F800-4c08-8B7A-83BB121AAD01}</UniqueIdentifier>
      <Extensions>rc;ico;cur;bmp;dlg;rc2;rct;bin;rgs;gif;jpg;jpeg;jpe;resx;tiff;tif;png;wav;mfcribbon-ms</Extensions>
    </Filter>
    <Filter Include="Apps">
      <UniqueIdentifier>{aadf2d6c-d1d8-45ed-890e-517d1cbab6b7}</UniqueIdentifier>
    </Filter>
    <Filter Include="Apps\Headers">
      <UniqueIdentifier>{17e750f8-acb0-469c-97b3-f66ffef62d10}</UniqueIdentifier>
    </Filter>
    <Filter Include="Apps\Source">
      <UniqueIdentifier>{c33494f8-6ade-4c20-8971-0173b3452aaf}</UniqueIdentifier>
    </Filter>
    <Filter Include="Controls">
      <UniqueIdentifier>{a924529d-f73f-4a87-98b3-cbf215084502}</UniqueIdentifier>
    </Filter>
    <Filter Include="Controls\Headers">
      <UniqueIdentifier>{49ba3c27-5134-4970-b280-5936c9d587ea}</UniqueIdentifier>
    </Filter>
    <Filter Include="Controls\Source">
      <UniqueIdentifier>{f3ed1782-1824-402a-bb57-ceaf0ca0c87d}</UniqueIdentifier>
    </Filter>
    <Filter Include="Inlined Utilities">
      <UniqueIdentifier>{9d6cd0aa-df80-4db5-b273-76eec05c9d97}</UniqueIdentifier>
    </Filter>
  </ItemGroup>
  <ItemGroup>
    <None Include="DGWatch.ino" />
    <None Include="appAccel.ino" />
    <None Include="appBattery.ino" />
    <None Include="appJupiter.ino" />
    <None Include="appSetTime.ino" />
    <None Include="appTouch.ino" />
    <None Include="displayTime.ino" />
    <None Include="menu.ino" />
  </ItemGroup>
  <ItemGroup>
    <ClInclude Include="__vm\.DGWatch.vsarduino.h">
      <Filter>Header Files</Filter>
    </ClInclude>
    <ClInclude Include="config.h">
      <Filter>Header Files</Filter>
    </ClInclude>
    <ClInclude Include="Stack.h">
      <Filter>Inlined Utilities</Filter>
    </ClInclude>
    <ClInclude Include="StaticList.h">
      <Filter>Inlined Utilities</Filter>
    </ClInclude>
    <ClInclude Include="Task.h">
      <Filter>Header Files</Filter>
    </ClInclude>
    <ClInclude Include="Exceptions.h">
      <Filter>Header Files</Filter>
    </ClInclude>
    <ClInclude Include="ArraySequence.h">
      <Filter>Inlined Utilities</Filter>
    </ClInclude>
    <ClInclude Include="BatteryApp.h">
      <Filter>Apps\Headers</Filter>
    </ClInclude>
    <ClInclude Include="App.h">
      <Filter>Apps\Headers</Filter>
    </ClInclude>
    <ClInclude Include="Log.h">
      <Filter>Controls\Headers</Filter>
    </ClInclude>
    <ClInclude Include="Queue.h">
      <Filter>Inlined Utilities</Filter>
    </ClInclude>
    <ClInclude Include="RenderManager.h">
      <Filter>Controls\Headers</Filter>
    </ClInclude>
    <ClInclude Include="SemaphoreLock.h">
      <Filter>Header Files</Filter>
    </ClInclude>
  </ItemGroup>
  <ItemGroup>
    <ClCompile Include="BatteryApp.cpp">
      <Filter>Apps\Source</Filter>
    </ClCompile>
    <ClCompile Include="App.cpp">
      <Filter>Apps\Source</Filter>
    </ClCompile>
    <ClCompile Include="Log.cpp">
      <Filter>Controls\Source</Filter>
    </ClCompile>
    <ClCompile Include="RenderManager.cpp">
      <Filter>Controls\Source</Filter>
    </ClCompile>
  </ItemGroup>
</Project>